
Microsoft Visual Studio Solution File, Format Version 12.00
# Visual Studio Version 17
VisualStudioVersion = 17.0.31912.275
MinimumVisualStudioVersion = 10.0.40219.1
Project("{8BC9CEB8-8B4A-11D0-8D11-00A0C91BC942}") = "server", "TCP_IP_example\TCP_IP_example.vcxproj", "{9B591091-845C-48C8-9C1F-A5B5EC3FD361}"
EndProject
Project("{8BC9CEB8-8B4A-11D0-8D11-00A0C91BC942}") = "client", "client\client.vcxproj", "{6F9B4218-B974-423E-8F51-19E1BEACEFB8}"
EndProject
Global
	GlobalSection(SolutionConfigurationPlatforms) = preSolution
		Debug|x64 = Debug|x64
		Debug|x86 = Debug|x86
		Release|x64 = Release|x64
		Release|x86 = Release|x86
	EndGlobalSection
	GlobalSection(ProjectConfigurationPlatforms) = postSolution
		{9B591091-845C-48C8-9C1F-A5B5EC3FD361}.Debug|x64.ActiveCfg = Debug|x64
		{9B591091-845C-48C8-9C1F-A5B5EC3FD361}.Debug|x64.Build.0 = Debug|x64
		{9B591091-845C-48C8-9C1F-A5B5EC3FD361}.Debug|x86.ActiveCfg = Debug|Win32
		{9B591091-845C-48C8-9C1F-A5B5EC3FD361}.Debug|x86.Build.0 = Debug|Win32
		{9B591091-845C-48C8-9C1F-A5B5EC3FD361}.Release|x64.ActiveCfg = Release|x64
		{9B591091-845C-48C8-9C1F-A5B5EC3FD361}.Release|x64.Build.0 = Release|x64
		{9B591091-845C-48C8-9C1F-A5B5EC3FD361}.Release|x86.ActiveCfg = Release|Win32
		{9B591091-845C-48C8-9C1F-A5B5EC3FD361}.Release|x86.Build.0 = Release|Win32
		{6F9B4218-B974-423E-8F51-19E1BEACEFB8}.Debug|x64.ActiveCfg = Debug|x64
		{6F9B4218-B974-423E-8F51-19E1BEACEFB8}.Debug|x64.Build.0 = Debug|x64
		{6F9B4218-B974-423E-8F51-19E1BEACEFB8}.Debug|x86.ActiveCfg = Debug|Win32
		{6F9B4218-B974-423E-8F51-19E1BEACEFB8}.Debug|x86.Build.0 = Debug|Win32
		{6F9B4218-B974-423E-8F51-19E1BEACEFB8}.Release|x64.ActiveCfg = Release|x64
		{6F9B4218-B974-423E-8F51-19E1BEACEFB8}.Release|x64.Build.0 = Release|x64
		{6F9B4218-B974-423E-8F51-19E1BEACEFB8}.Release|x86.ActiveCfg = Release|Win32
		{6F9B4218-B974-423E-8F51-19E1BEACEFB8}.Release|x86.Build.0 = Release|Win32
	EndGlobalSection
	GlobalSection(SolutionProperties) = preSolution
		HideSolutionNode = FALSE
	EndGlobalSection
	GlobalSection(ExtensibilityGlobals) = postSolution
		SolutionGuid = {B8DB030A-496D-4755-9501-A063158C280F}
	EndGlobalSection
EndGlobal
